// !$*UTF8*$!
{
	archiveVersion = 1;
	classes = {
	};
	objectVersion = 48;
	objects = {

/* Begin PBXBuildFile section */
		00229AF92044A0AF009F612A /* AppDelegate.swift in Sources */ = {isa = PBXBuildFile; fileRef = 00229AF82044A0AF009F612A /* AppDelegate.swift */; };
		00229AFB2044A0AF009F612A /* categoryVC.swift in Sources */ = {isa = PBXBuildFile; fileRef = 00229AFA2044A0AF009F612A /* categoryVC.swift */; };
		00229AFE2044A0AF009F612A /* Main.storyboard in Resources */ = {isa = PBXBuildFile; fileRef = 00229AFC2044A0AF009F612A /* Main.storyboard */; };
		00229B002044A0AF009F612A /* Assets.xcassets in Resources */ = {isa = PBXBuildFile; fileRef = 00229AFF2044A0AF009F612A /* Assets.xcassets */; };
		00229B032044A0AF009F612A /* LaunchScreen.storyboard in Resources */ = {isa = PBXBuildFile; fileRef = 00229B012044A0AF009F612A /* LaunchScreen.storyboard */; };
		002D26FB204D81EA00F840DE /* CategoryCell.swift in Sources */ = {isa = PBXBuildFile; fileRef = 002D26FA204D81EA00F840DE /* CategoryCell.swift */; };
		0060FB0C204EBFFF006406C0 /* ServicesData.swift in Sources */ = {isa = PBXBuildFile; fileRef = 0060FB0B204EBFFF006406C0 /* ServicesData.swift */; };
		008C2ADF204E4EC000E260DF /* Category.swift in Sources */ = {isa = PBXBuildFile; fileRef = 008C2ADE204E4EC000E260DF /* Category.swift */; };
/* End PBXBuildFile section */

/* Begin PBXFileReference section */
		00229AF52044A0AF009F612A /* Coder-Swag.app */ = {isa = PBXFileReference; explicitFileType = wrapper.application; includeInIndex = 0; path = "Coder-Swag.app"; sourceTree = BUILT_PRODUCTS_DIR; };
		00229AF82044A0AF009F612A /* AppDelegate.swift */ = {isa = PBXFileReference; lastKnownFileType = sourcecode.swift; path = AppDelegate.swift; sourceTree = "<group>"; };
		00229AFA2044A0AF009F612A /* categoryVC.swift */ = {isa = PBXFileReference; lastKnownFileType = sourcecode.swift; path = categoryVC.swift; sourceTree = "<group>"; };
		00229AFD2044A0AF009F612A /* Base */ = {isa = PBXFileReference; lastKnownFileType = file.storyboard; name = Base; path = Base.lproj/Main.storyboard; sourceTree = "<group>"; };
		00229AFF2044A0AF009F612A /* Assets.xcassets */ = {isa = PBXFileReference; lastKnownFileType = folder.assetcatalog; path = Assets.xcassets; sourceTree = "<group>"; };
		00229B022044A0AF009F612A /* Base */ = {isa = PBXFileReference; lastKnownFileType = file.storyboard; name = Base; path = Base.lproj/LaunchScreen.storyboard; sourceTree = "<group>"; };
		00229B042044A0AF009F612A /* Info.plist */ = {isa = PBXFileReference; lastKnownFileType = text.plist.xml; path = Info.plist; sourceTree = "<group>"; };
		002D26FA204D81EA00F840DE /* CategoryCell.swift */ = {isa = PBXFileReference; lastKnownFileType = sourcecode.swift; path = CategoryCell.swift; sourceTree = "<group>"; };
		0060FB0B204EBFFF006406C0 /* ServicesData.swift */ = {isa = PBXFileReference; lastKnownFileType = sourcecode.swift; path = ServicesData.swift; sourceTree = "<group>"; };
		008C2ADE204E4EC000E260DF /* Category.swift */ = {isa = PBXFileReference; lastKnownFileType = sourcecode.swift; path = Category.swift; sourceTree = "<group>"; };
/* End PBXFileReference section */

/* Begin PBXFrameworksBuildPhase section */
		00229AF22044A0AF009F612A /* Frameworks */ = {
			isa = PBXFrameworksBuildPhase;
			buildActionMask = 2147483647;
			files = (
			);
			runOnlyForDeploymentPostprocessing = 0;
		};
/* End PBXFrameworksBuildPhase section */

/* Begin PBXGroup section */
		00229AEC2044A0AE009F612A = {
			isa = PBXGroup;
			children = (
				00229AF72044A0AF009F612A /* Coder-Swag */,
				00229AF62044A0AF009F612A /* Products */,
			);
			sourceTree = "<group>";
		};
		00229AF62044A0AF009F612A /* Products */ = {
			isa = PBXGroup;
			children = (
				00229AF52044A0AF009F612A /* Coder-Swag.app */,
			);
			name = Products;
			sourceTree = "<group>";
		};
		00229AF72044A0AF009F612A /* Coder-Swag */ = {
			isa = PBXGroup;
			children = (
				0060FB0A204EBFE3006406C0 /* Services */,
				002D26F9204D81AC00F840DE /* Model */,
				002D26F8204D81A300F840DE /* View */,
				002D26F7204D7EE600F840DE /* Controller */,
				00229AF82044A0AF009F612A /* AppDelegate.swift */,
				00229AFC2044A0AF009F612A /* Main.storyboard */,
				00229AFF2044A0AF009F612A /* Assets.xcassets */,
				00229B012044A0AF009F612A /* LaunchScreen.storyboard */,
				00229B042044A0AF009F612A /* Info.plist */,
			);
			path = "Coder-Swag";
			sourceTree = "<group>";
		};
		002D26F7204D7EE600F840DE /* Controller */ = {
			isa = PBXGroup;
			children = (
				00229AFA2044A0AF009F612A /* categoryVC.swift */,
			);
			path = Controller;
			sourceTree = "<group>";
		};
		002D26F8204D81A300F840DE /* View */ = {
			isa = PBXGroup;
			children = (
				002D26FA204D81EA00F840DE /* CategoryCell.swift */,
			);
			path = View;
			sourceTree = "<group>";
		};
		002D26F9204D81AC00F840DE /* Model */ = {
			isa = PBXGroup;
			children = (
				008C2ADE204E4EC000E260DF /* Category.swift */,
			);
			path = Model;
			sourceTree = "<group>";
		};
		0060FB0A204EBFE3006406C0 /* Services */ = {
			isa = PBXGroup;
			children = (
				0060FB0B204EBFFF006406C0 /* ServicesData.swift */,
			);
			path = Services;
			sourceTree = "<group>";
		};
/* End PBXGroup section */

/* Begin PBXNativeTarget section */
		00229AF42044A0AF009F612A /* Coder-Swag */ = {
			isa = PBXNativeTarget;
			buildConfigurationList = 00229B072044A0AF009F612A /* Build configuration list for PBXNativeTarget "Coder-Swag" */;
			buildPhases = (
				00229AF12044A0AF009F612A /* Sources */,
				00229AF22044A0AF009F612A /* Frameworks */,
				00229AF32044A0AF009F612A /* Resources */,
			);
			buildRules = (
			);
			dependencies = (
			);
			name = "Coder-Swag";
			productName = "Coder-Swag";
			productReference = 00229AF52044A0AF009F612A /* Coder-Swag.app */;
			productType = "com.apple.product-type.application";
		};
/* End PBXNativeTarget section */

/* Begin PBXProject section */
		00229AED2044A0AE009F612A /* Project object */ = {
			isa = PBXProject;
			attributes = {
				LastSwiftUpdateCheck = 0920;
				LastUpgradeCheck = 0920;
				ORGANIZATIONNAME = ReverseEngineering;
				TargetAttributes = {
					00229AF42044A0AF009F612A = {
						CreatedOnToolsVersion = 9.2;
						ProvisioningStyle = Automatic;
					};
				};
			};
			buildConfigurationList = 00229AF02044A0AF009F612A /* Build configuration list for PBXProject "Coder-Swag" */;
			compatibilityVersion = "Xcode 8.0";
			developmentRegion = en;
			hasScannedForEncodings = 0;
			knownRegions = (
				en,
				Base,
			);
			mainGroup = 00229AEC2044A0AE009F612A;
			productRefGroup = 00229AF62044A0AF009F612A /* Products */;
			projectDirPath = "";
			projectRoot = "";
			targets = (
				00229AF42044A0AF009F612A /* Coder-Swag */,
			);
		};
/* End PBXProject section */

/* Begin PBXResourcesBuildPhase section */
		00229AF32044A0AF009F612A /* Resources */ = {
			isa = PBXResourcesBuildPhase;
			buildActionMask = 2147483647;
			files = (
				00229B032044A0AF009F612A /* LaunchScreen.storyboard in Resources */,
				00229B002044A0AF009F612A /* Assets.xcassets in Resources */,
				00229AFE2044A0AF009F612A /* Main.storyboard in Resources */,
			);
			runOnlyForDeploymentPostprocessing = 0;
		};
/* End PBXResourcesBuildPhase section */

/* Begin PBXSourcesBuildPhase section */
		00229AF12044A0AF009F612A /* Sources */ = {
			isa = PBXSourcesBuildPhase;
			buildActionMask = 2147483647;
			files = (
				00229AFB2044A0AF009F612A /* categoryVC.swift in Sources */,
				00229AF92044A0AF009F612A /* AppDelegate.swift in Sources */,
				0060FB0C204EBFFF006406C0 /* ServicesData.swift in Sources */,
				002D26FB204D81EA00F840DE /* CategoryCell.swift in Sources */,
				008C2ADF204E4EC000E260DF /* Category.swift in Sources */,
			);
			runOnlyForDeploymentPostprocessing = 0;
		};
/* End PBXSourcesBuildPhase section */

/* Begin PBXVariantGroup section */
		00229AFC2044A0AF009F612A /* Main.storyboard */ = {
			isa = PBXVariantGroup;
			children = (
				00229AFD2044A0AF009F612A /* Base */,
			);
			name = Main.storyboard;
			sourceTree = "<group>";
		};
		00229B012044A0AF009F612A /* LaunchScreen.storyboard */ = {
			isa = PBXVariantGroup;
			children = (
				00229B022044A0AF009F612A /* Base */,
			);
			name = LaunchScreen.storyboard;
			sourceTree = "<group>";
		};
/* End PBXVariantGroup section */

/* Begin XCBuildConfiguration section */
		00229B052044A0AF009F612A /* Debug */ = {
			isa = XCBuildConfiguration;
			buildSettings = {
				ALWAYS_SEARCH_USER_PATHS = NO;
				CLANG_ANALYZER_NONNULL = YES;
				CLANG_ANALYZER_NUMBER_OBJECT_CONVERSION = YES_AGGRESSIVE;
				CLANG_CXX_LANGUAGE_STANDARD = "gnu++14";
				CLANG_CXX_LIBRARY = "libc++";
				CLANG_ENABLE_MODULES = YES;
				CLANG_ENABLE_OBJC_ARC = YES;
				CLANG_WARN_BLOCK_CAPTURE_AUTORELEASING = YES;
				CLANG_WARN_BOOL_CONVERSION = YES;
				CLANG_WARN_COMMA = YES;
				CLANG_WARN_CONSTANT_CONVERSION = YES;
				CLANG_WARN_DIRECT_OBJC_ISA_USAGE = YES_ERROR;
				CLANG_WARN_DOCUMENTATION_COMMENTS = YES;
				CLANG_WARN_EMPTY_BODY = YES;
				CLANG_WARN_ENUM_CONVERSION = YES;
				CLANG_WARN_INFINITE_RECURSION = YES;
				CLANG_WARN_INT_CONVERSION = YES;
				CLANG_WARN_NON_LITERAL_NULL_CONVERSION = YES;
				CLANG_WARN_OBJC_LITERAL_CONVERSION = YES;
				CLANG_WARN_OBJC_ROOT_CLASS = YES_ERROR;
				CLANG_WARN_RANGE_LOOP_ANALYSIS = YES;
				CLANG_WARN_STRICT_PROTOTYPES = YES;
				CLANG_WARN_SUSPICIOUS_MOVE = YES;
				CLANG_WARN_UNGUARDED_AVAILABILITY = YES_AGGRESSIVE;
				CLANG_WARN_UNREACHABLE_CODE = YES;
				CLANG_WARN__DUPLICATE_METHOD_MATCH = YES;
				CODE_SIGN_IDENTITY = "iPhone Developer";
				COPY_PHASE_STRIP = NO;
				DEBUG_INFORMATION_FORMAT = dwarf;
				ENABLE_STRICT_OBJC_MSGSEND = YES;
				ENABLE_TESTABILITY = YES;
				GCC_C_LANGUAGE_STANDARD = gnu11;
				GCC_DYNAMIC_NO_PIC = NO;
				GCC_NO_COMMON_BLOCKS = YES;
				GCC_OPTIMIZATION_LEVEL = 0;
				GCC_PREPROCESSOR_DEFINITIONS = (
					"DEBUG=1",
					"$(inherited)",
				);
				GCC_WARN_64_TO_32_BIT_CONVERSION = YES;
				GCC_WARN_ABOUT_RETURN_TYPE = YES_ERROR;
				GCC_WARN_UNDECLARED_SELECTOR = YES;
				GCC_WARN_UNINITIALIZED_AUTOS = YES_AGGRESSIVE;
				GCC_WARN_UNUSED_FUNCTION = YES;
				GCC_WARN_UNUSED_VARIABLE = YES;
				IPHONEOS_DEPLOYMENT_TARGET = 11.2;
				MTL_ENABLE_DEBUG_INFO = YES;
				ONLY_ACTIVE_ARCH = YES;
				SDKROOT = iphoneos;
				SWIFT_ACTIVE_COMPILATION_CONDITIONS = DEBUG;
				SWIFT_OPTIMIZATION_LEVEL = "-Onone";
			};
			name = Debug;
		};
		00229B062044A0AF009F612A /* Release */ = {
			isa = XCBuildConfiguration;
			buildSettings = {
				ALWAYS_SEARCH_USER_PATHS = NO;
				CLANG_ANALYZER_NONNULL = YES;
				CLANG_ANALYZER_NUMBER_OBJECT_CONVERSION = YES_AGGRESSIVE;
				CLANG_CXX_LANGUAGE_STANDARD = "gnu++14";
				CLANG_CXX_LIBRARY = "libc++";
				CLANG_ENABLE_MODULES = YES;
				CLANG_ENABLE_OBJC_ARC = YES;
				CLANG_WARN_BLOCK_CAPTURE_AUTORELEASING = YES;
				CLANG_WARN_BOOL_CONVERSION = YES;
				CLANG_WARN_COMMA = YES;
				CLANG_WARN_CONSTANT_CONVERSION = YES;
				CLANG_WARN_DIRECT_OBJC_ISA_USAGE = YES_ERROR;
				CLANG_WARN_DOCUMENTATION_COMMENTS = YES;
				CLANG_WARN_EMPTY_BODY = YES;
				CLANG_WARN_ENUM_CONVERSION = YES;
				CLANG_WARN_INFINITE_RECURSION = YES;
				CLANG_WARN_INT_CONVERSION = YES;
				CLANG_WARN_NON_LITERAL_NULL_CONVERSION = YES;
				CLANG_WARN_OBJC_LITERAL_CONVERSION = YES;
				CLANG_WARN_OBJC_ROOT_CLASS = YES_ERROR;
				CLANG_WARN_RANGE_LOOP_ANALYSIS = YES;
				CLANG_WARN_STRICT_PROTOTYPES = YES;
				CLANG_WARN_SUSPICIOUS_MOVE = YES;
				CLANG_WARN_UNGUARDED_AVAILABILITY = YES_AGGRESSIVE;
				CLANG_WARN_UNREACHABLE_CODE = YES;
				CLANG_WARN__DUPLICATE_METHOD_MATCH = YES;
				CODE_SIGN_IDENTITY = "iPhone Developer";
				COPY_PHASE_STRIP = NO;
				DEBUG_INFORMATION_FORMAT = "dwarf-with-dsym";
				ENABLE_NS_ASSERTIONS = NO;
				ENABLE_STRICT_OBJC_MSGSEND = YES;
				GCC_C_LANGUAGE_STANDARD = gnu11;
				GCC_NO_COMMON_BLOCKS = YES;
				GCC_WARN_64_TO_32_BIT_CONVERSION = YES;
				GCC_WARN_ABOUT_RETURN_TYPE = YES_ERROR;
				GCC_WARN_UNDECLARED_SELECTOR = YES;
				GCC_WARN_UNINITIALIZED_AUTOS = YES_AGGRESSIVE;
				GCC_WARN_UNUSED_FUNCTION = YES;
				GCC_WARN_UNUSED_VARIABLE = YES;
				IPHONEOS_DEPLOYMENT_TARGET = 11.2;
				MTL_ENABLE_DEBUG_INFO = NO;
				SDKROOT = iphoneos;
				SWIFT_OPTIMIZATION_LEVEL = "-Owholemodule";
				VALIDATE_PRODUCT = YES;
			};
			name = Release;
		};
		00229B082044A0AF009F612A /* Debug */ = {
			isa = XCBuildConfiguration;
			buildSettings = {
				ASSETCATALOG_COMPILER_APPICON_NAME = AppIcon;
				CODE_SIGN_STYLE = Automatic;
				DEVELOPMENT_TEAM = MX4XG396X5;
				INFOPLIST_FILE = "Coder-Swag/Info.plist";
				LD_RUNPATH_SEARCH_PATHS = "$(inherited) @executable_path/Frameworks";
				PRODUCT_BUNDLE_IDENTIFIER = "com.saivishal.Coder-Swag";
				PRODUCT_NAME = "$(TARGET_NAME)";
				SWIFT_VERSION = 4.0;
				TARGETED_DEVICE_FAMILY = "1,2";
			};
			name = Debug;
		};
		00229B092044A0AF009F612A /* Release */ = {
			isa = XCBuildConfiguration;
			buildSettings = {
				ASSETCATALOG_COMPILER_APPICON_NAME = AppIcon;
				CODE_SIGN_STYLE = Automatic;
				DEVELOPMENT_TEAM = MX4XG396X5;
				INFOPLIST_FILE = "Coder-Swag/Info.plist";
				LD_RUNPATH_SEARCH_PATHS = "$(inherited) @executable_path/Frameworks";
				PRODUCT_BUNDLE_IDENTIFIER = "com.saivishal.Coder-Swag";
				PRODUCT_NAME = "$(TARGET_NAME)";
				SWIFT_VERSION = 4.0;
				TARGETED_DEVICE_FAMILY = "1,2";
			};
			name = Release;
		};
/* End XCBuildConfiguration section */

/* Begin XCConfigurationList section */
		00229AF02044A0AF009F612A /* Build configuration list for PBXProject "Coder-Swag" */ = {
			isa = XCConfigurationList;
			buildConfigurations = (
				00229B052044A0AF009F612A /* Debug */,
				00229B062044A0AF009F612A /* Release */,
			);
			defaultConfigurationIsVisible = 0;
			defaultConfigurationName = Release;
		};
		00229B072044A0AF009F612A /* Build configuration list for PBXNativeTarget "Coder-Swag" */ = {
			isa = XCConfigurationList;
			buildConfigurations = (
				00229B082044A0AF009F612A /* Debug */,
				00229B092044A0AF009F612A /* Release */,
			);
			defaultConfigurationIsVisible = 0;
			defaultConfigurationName = Release;
		};
/* End XCConfigurationList section */
	};
	rootObject = 00229AED2044A0AE009F612A /* Project object */;
}
